
Microsoft Visual Studio Solution File, Format Version 12.00
# Visual Studio Version 17
VisualStudioVersion = 17.0.31912.275
MinimumVisualStudioVersion = 10.0.40219.1
Project("{8BC9CEB8-8B4A-11D0-8D11-00A0C91BC942}") = "AdventOfCode1-1", "AdventOfCode1-1\AdventOfCode1-1.vcxproj", "{BF99F138-A1EB-4CAF-B419-F8B88E9D9E1C}"
EndProject
Project("{8BC9CEB8-8B4A-11D0-8D11-00A0C91BC942}") = "AdventOfCode2-1", "AdventOfCode2-1\AdventOfCode2-1.vcxproj", "{E84737DD-7568-4D35-B6FC-C429418898B8}"
EndProject
Project("{8BC9CEB8-8B4A-11D0-8D11-00A0C91BC942}") = "AdventOfCode2-2", "AdventOfCode2-2\AdventOfCode2-2.vcxproj", "{4CC786E2-AD87-4D30-BCB0-D983F01F3081}"
EndProject
Project("{8BC9CEB8-8B4A-11D0-8D11-00A0C91BC942}") = "AdventOfCode3-1", "AdventOfCode3-1\AdventOfCode3-1.vcxproj", "{009936BC-C2B6-48BC-9C17-53D91ED4A61F}"
EndProject
Project("{8BC9CEB8-8B4A-11D0-8D11-00A0C91BC942}") = "AdventOfCode3-2", "AdventOfCode3-2\AdventOfCode3-2.vcxproj", "{0DF59CF8-4FE5-44CF-A915-92B52C19A29A}"
EndProject
Project("{8BC9CEB8-8B4A-11D0-8D11-00A0C91BC942}") = "AdventOfCode4", "AdventOfCode4-1\AdventOfCode4-1.vcxproj", "{A615BA57-EA63-4CE6-A2C4-16CF2E8CC500}"
EndProject
Project("{8BC9CEB8-8B4A-11D0-8D11-00A0C91BC942}") = "AdventOfCode7-1", "AdventOfCode7-1\AdventOfCode7-1.vcxproj", "{CC5F7406-0425-4C16-89AD-7701757E0BE2}"
EndProject
Project("{8BC9CEB8-8B4A-11D0-8D11-00A0C91BC942}") = "AdventOfCode7-2", "AdventOfCode7-2\AdventOfCode7-2.vcxproj", "{6F7EA0EE-41B3-4C2E-A9DB-E27B07BC3C2C}"
EndProject
Project("{8BC9CEB8-8B4A-11D0-8D11-00A0C91BC942}") = "AdventOfCode6-1", "AdventOfCode6-1\AdventOfCode6-1.vcxproj", "{9F6A3117-2E09-4EA5-B214-13384A709861}"
EndProject
Project("{8BC9CEB8-8B4A-11D0-8D11-00A0C91BC942}") = "AdventOfCode9-1", "AdventOfCode9-1\AdventOfCode9-1.vcxproj", "{009746B3-8AE4-425C-8084-E6D3C1AB40DE}"
EndProject
Project("{8BC9CEB8-8B4A-11D0-8D11-00A0C91BC942}") = "AdventOfCode9-2", "AdventOfCode9-2\AdventOfCode9-2.vcxproj", "{CCE7752B-2CE2-4073-B3CF-A94CF420116A}"
EndProject
Global
	GlobalSection(SolutionConfigurationPlatforms) = preSolution
		Debug|x64 = Debug|x64
		Debug|x86 = Debug|x86
		Release|x64 = Release|x64
		Release|x86 = Release|x86
	EndGlobalSection
	GlobalSection(ProjectConfigurationPlatforms) = postSolution
		{BF99F138-A1EB-4CAF-B419-F8B88E9D9E1C}.Debug|x64.ActiveCfg = Debug|x64
		{BF99F138-A1EB-4CAF-B419-F8B88E9D9E1C}.Debug|x64.Build.0 = Debug|x64
		{BF99F138-A1EB-4CAF-B419-F8B88E9D9E1C}.Debug|x86.ActiveCfg = Debug|Win32
		{BF99F138-A1EB-4CAF-B419-F8B88E9D9E1C}.Debug|x86.Build.0 = Debug|Win32
		{BF99F138-A1EB-4CAF-B419-F8B88E9D9E1C}.Release|x64.ActiveCfg = Release|x64
		{BF99F138-A1EB-4CAF-B419-F8B88E9D9E1C}.Release|x64.Build.0 = Release|x64
		{BF99F138-A1EB-4CAF-B419-F8B88E9D9E1C}.Release|x86.ActiveCfg = Release|Win32
		{BF99F138-A1EB-4CAF-B419-F8B88E9D9E1C}.Release|x86.Build.0 = Release|Win32
		{E84737DD-7568-4D35-B6FC-C429418898B8}.Debug|x64.ActiveCfg = Debug|x64
		{E84737DD-7568-4D35-B6FC-C429418898B8}.Debug|x64.Build.0 = Debug|x64
		{E84737DD-7568-4D35-B6FC-C429418898B8}.Debug|x86.ActiveCfg = Debug|Win32
		{E84737DD-7568-4D35-B6FC-C429418898B8}.Debug|x86.Build.0 = Debug|Win32
		{E84737DD-7568-4D35-B6FC-C429418898B8}.Release|x64.ActiveCfg = Release|x64
		{E84737DD-7568-4D35-B6FC-C429418898B8}.Release|x64.Build.0 = Release|x64
		{E84737DD-7568-4D35-B6FC-C429418898B8}.Release|x86.ActiveCfg = Release|Win32
		{E84737DD-7568-4D35-B6FC-C429418898B8}.Release|x86.Build.0 = Release|Win32
		{4CC786E2-AD87-4D30-BCB0-D983F01F3081}.Debug|x64.ActiveCfg = Debug|x64
		{4CC786E2-AD87-4D30-BCB0-D983F01F3081}.Debug|x64.Build.0 = Debug|x64
		{4CC786E2-AD87-4D30-BCB0-D983F01F3081}.Debug|x86.ActiveCfg = Debug|Win32
		{4CC786E2-AD87-4D30-BCB0-D983F01F3081}.Debug|x86.Build.0 = Debug|Win32
		{4CC786E2-AD87-4D30-BCB0-D983F01F3081}.Release|x64.ActiveCfg = Release|x64
		{4CC786E2-AD87-4D30-BCB0-D983F01F3081}.Release|x64.Build.0 = Release|x64
		{4CC786E2-AD87-4D30-BCB0-D983F01F3081}.Release|x86.ActiveCfg = Release|Win32
		{4CC786E2-AD87-4D30-BCB0-D983F01F3081}.Release|x86.Build.0 = Release|Win32
		{009936BC-C2B6-48BC-9C17-53D91ED4A61F}.Debug|x64.ActiveCfg = Debug|x64
		{009936BC-C2B6-48BC-9C17-53D91ED4A61F}.Debug|x64.Build.0 = Debug|x64
		{009936BC-C2B6-48BC-9C17-53D91ED4A61F}.Debug|x86.ActiveCfg = Debug|Win32
		{009936BC-C2B6-48BC-9C17-53D91ED4A61F}.Debug|x86.Build.0 = Debug|Win32
		{009936BC-C2B6-48BC-9C17-53D91ED4A61F}.Release|x64.ActiveCfg = Release|x64
		{009936BC-C2B6-48BC-9C17-53D91ED4A61F}.Release|x64.Build.0 = Release|x64
		{009936BC-C2B6-48BC-9C17-53D91ED4A61F}.Release|x86.ActiveCfg = Release|Win32
		{009936BC-C2B6-48BC-9C17-53D91ED4A61F}.Release|x86.Build.0 = Release|Win32
		{0DF59CF8-4FE5-44CF-A915-92B52C19A29A}.Debug|x64.ActiveCfg = Debug|x64
		{0DF59CF8-4FE5-44CF-A915-92B52C19A29A}.Debug|x64.Build.0 = Debug|x64
		{0DF59CF8-4FE5-44CF-A915-92B52C19A29A}.Debug|x86.ActiveCfg = Debug|Win32
		{0DF59CF8-4FE5-44CF-A915-92B52C19A29A}.Debug|x86.Build.0 = Debug|Win32
		{0DF59CF8-4FE5-44CF-A915-92B52C19A29A}.Release|x64.ActiveCfg = Release|x64
		{0DF59CF8-4FE5-44CF-A915-92B52C19A29A}.Release|x64.Build.0 = Release|x64
		{0DF59CF8-4FE5-44CF-A915-92B52C19A29A}.Release|x86.ActiveCfg = Release|Win32
		{0DF59CF8-4FE5-44CF-A915-92B52C19A29A}.Release|x86.Build.0 = Release|Win32
		{A615BA57-EA63-4CE6-A2C4-16CF2E8CC500}.Debug|x64.ActiveCfg = Debug|x64
		{A615BA57-EA63-4CE6-A2C4-16CF2E8CC500}.Debug|x64.Build.0 = Debug|x64
		{A615BA57-EA63-4CE6-A2C4-16CF2E8CC500}.Debug|x86.ActiveCfg = Debug|Win32
		{A615BA57-EA63-4CE6-A2C4-16CF2E8CC500}.Debug|x86.Build.0 = Debug|Win32
		{A615BA57-EA63-4CE6-A2C4-16CF2E8CC500}.Release|x64.ActiveCfg = Release|x64
		{A615BA57-EA63-4CE6-A2C4-16CF2E8CC500}.Release|x64.Build.0 = Release|x64
		{A615BA57-EA63-4CE6-A2C4-16CF2E8CC500}.Release|x86.ActiveCfg = Release|Win32
		{A615BA57-EA63-4CE6-A2C4-16CF2E8CC500}.Release|x86.Build.0 = Release|Win32
		{CC5F7406-0425-4C16-89AD-7701757E0BE2}.Debug|x64.ActiveCfg = Debug|x64
		{CC5F7406-0425-4C16-89AD-7701757E0BE2}.Debug|x64.Build.0 = Debug|x64
		{CC5F7406-0425-4C16-89AD-7701757E0BE2}.Debug|x86.ActiveCfg = Debug|Win32
		{CC5F7406-0425-4C16-89AD-7701757E0BE2}.Debug|x86.Build.0 = Debug|Win32
		{CC5F7406-0425-4C16-89AD-7701757E0BE2}.Release|x64.ActiveCfg = Release|x64
		{CC5F7406-0425-4C16-89AD-7701757E0BE2}.Release|x64.Build.0 = Release|x64
		{CC5F7406-0425-4C16-89AD-7701757E0BE2}.Release|x86.ActiveCfg = Release|Win32
		{CC5F7406-0425-4C16-89AD-7701757E0BE2}.Release|x86.Build.0 = Release|Win32
		{6F7EA0EE-41B3-4C2E-A9DB-E27B07BC3C2C}.Debug|x64.ActiveCfg = Debug|x64
		{6F7EA0EE-41B3-4C2E-A9DB-E27B07BC3C2C}.Debug|x64.Build.0 = Debug|x64
		{6F7EA0EE-41B3-4C2E-A9DB-E27B07BC3C2C}.Debug|x86.ActiveCfg = Debug|Win32
		{6F7EA0EE-41B3-4C2E-A9DB-E27B07BC3C2C}.Debug|x86.Build.0 = Debug|Win32
		{6F7EA0EE-41B3-4C2E-A9DB-E27B07BC3C2C}.Release|x64.ActiveCfg = Release|x64
		{6F7EA0EE-41B3-4C2E-A9DB-E27B07BC3C2C}.Release|x64.Build.0 = Release|x64
		{6F7EA0EE-41B3-4C2E-A9DB-E27B07BC3C2C}.Release|x86.ActiveCfg = Release|Win32
		{6F7EA0EE-41B3-4C2E-A9DB-E27B07BC3C2C}.Release|x86.Build.0 = Release|Win32
		{9F6A3117-2E09-4EA5-B214-13384A709861}.Debug|x64.ActiveCfg = Debug|x64
		{9F6A3117-2E09-4EA5-B214-13384A709861}.Debug|x64.Build.0 = Debug|x64
		{9F6A3117-2E09-4EA5-B214-13384A709861}.Debug|x86.ActiveCfg = Debug|Win32
		{9F6A3117-2E09-4EA5-B214-13384A709861}.Debug|x86.Build.0 = Debug|Win32
		{9F6A3117-2E09-4EA5-B214-13384A709861}.Release|x64.ActiveCfg = Release|x64
		{9F6A3117-2E09-4EA5-B214-13384A709861}.Release|x64.Build.0 = Release|x64
		{9F6A3117-2E09-4EA5-B214-13384A709861}.Release|x86.ActiveCfg = Release|Win32
		{9F6A3117-2E09-4EA5-B214-13384A709861}.Release|x86.Build.0 = Release|Win32
		{009746B3-8AE4-425C-8084-E6D3C1AB40DE}.Debug|x64.ActiveCfg = Debug|x64
		{009746B3-8AE4-425C-8084-E6D3C1AB40DE}.Debug|x64.Build.0 = Debug|x64
		{009746B3-8AE4-425C-8084-E6D3C1AB40DE}.Debug|x86.ActiveCfg = Debug|Win32
		{009746B3-8AE4-425C-8084-E6D3C1AB40DE}.Debug|x86.Build.0 = Debug|Win32
		{009746B3-8AE4-425C-8084-E6D3C1AB40DE}.Release|x64.ActiveCfg = Release|x64
		{009746B3-8AE4-425C-8084-E6D3C1AB40DE}.Release|x64.Build.0 = Release|x64
		{009746B3-8AE4-425C-8084-E6D3C1AB40DE}.Release|x86.ActiveCfg = Release|Win32
		{009746B3-8AE4-425C-8084-E6D3C1AB40DE}.Release|x86.Build.0 = Release|Win32
		{CCE7752B-2CE2-4073-B3CF-A94CF420116A}.Debug|x64.ActiveCfg = Debug|x64
		{CCE7752B-2CE2-4073-B3CF-A94CF420116A}.Debug|x64.Build.0 = Debug|x64
		{CCE7752B-2CE2-4073-B3CF-A94CF420116A}.Debug|x86.ActiveCfg = Debug|Win32
		{CCE7752B-2CE2-4073-B3CF-A94CF420116A}.Debug|x86.Build.0 = Debug|Win32
		{CCE7752B-2CE2-4073-B3CF-A94CF420116A}.Release|x64.ActiveCfg = Release|x64
		{CCE7752B-2CE2-4073-B3CF-A94CF420116A}.Release|x64.Build.0 = Release|x64
		{CCE7752B-2CE2-4073-B3CF-A94CF420116A}.Release|x86.ActiveCfg = Release|Win32
		{CCE7752B-2CE2-4073-B3CF-A94CF420116A}.Release|x86.Build.0 = Release|Win32
	EndGlobalSection
	GlobalSection(SolutionProperties) = preSolution
		HideSolutionNode = FALSE
	EndGlobalSection
	GlobalSection(ExtensibilityGlobals) = postSolution
		SolutionGuid = {2A2A1DF6-37C6-448D-BBA3-6B070F8E86F6}
	EndGlobalSection
EndGlobal
